// !$*UTF8*$!
{
	archiveVersion = 1;
	classes = {
	};
	objectVersion = 56;
	objects = {

/* Begin PBXBuildFile section */
		73541BCA2B9494250048A840 /* RadioCollectionView.swift in Sources */ = {isa = PBXBuildFile; fileRef = 73541BC92B9494250048A840 /* RadioCollectionView.swift */; };
		73541BCC2B9494360048A840 /* RadioStationView.swift in Sources */ = {isa = PBXBuildFile; fileRef = 73541BCB2B9494360048A840 /* RadioStationView.swift */; };
		739C40B42B3D9556000C53EA /* MousiqueApp.swift in Sources */ = {isa = PBXBuildFile; fileRef = 739C40B32B3D9556000C53EA /* MousiqueApp.swift */; };
		739C40B62B3D9556000C53EA /* ContentView.swift in Sources */ = {isa = PBXBuildFile; fileRef = 739C40B52B3D9556000C53EA /* ContentView.swift */; };
		739C40B82B3D9558000C53EA /* Assets.xcassets in Resources */ = {isa = PBXBuildFile; fileRef = 739C40B72B3D9558000C53EA /* Assets.xcassets */; };
		739C40BB2B3D9558000C53EA /* Preview Assets.xcassets in Resources */ = {isa = PBXBuildFile; fileRef = 739C40BA2B3D9558000C53EA /* Preview Assets.xcassets */; };
		739C40C22B3D97A7000C53EA /* LibraryView.swift in Sources */ = {isa = PBXBuildFile; fileRef = 739C40C12B3D97A6000C53EA /* LibraryView.swift */; };
		739C40C42B3DA931000C53EA /* LibraryEditView.swift in Sources */ = {isa = PBXBuildFile; fileRef = 739C40C32B3DA931000C53EA /* LibraryEditView.swift */; };
		739C40CD2B4E4E1A000C53EA /* EmptyView.swift in Sources */ = {isa = PBXBuildFile; fileRef = 739C40CC2B4E4E1A000C53EA /* EmptyView.swift */; };
		739C40FB2B6984EE000C53EA /* PlayerView.swift in Sources */ = {isa = PBXBuildFile; fileRef = 739C40FA2B6984EE000C53EA /* PlayerView.swift */; };
		73C12A572B7956FC00C3096F /* RadioView.swift in Sources */ = {isa = PBXBuildFile; fileRef = 73C12A562B7956FC00C3096F /* RadioView.swift */; };
/* End PBXBuildFile section */

/* Begin PBXFileReference section */
		73541BC92B9494250048A840 /* RadioCollectionView.swift */ = {isa = PBXFileReference; lastKnownFileType = sourcecode.swift; path = RadioCollectionView.swift; sourceTree = "<group>"; };
		73541BCB2B9494360048A840 /* RadioStationView.swift */ = {isa = PBXFileReference; lastKnownFileType = sourcecode.swift; path = RadioStationView.swift; sourceTree = "<group>"; };
		739C40B02B3D9556000C53EA /* Mousique.app */ = {isa = PBXFileReference; explicitFileType = wrapper.application; includeInIndex = 0; path = Mousique.app; sourceTree = BUILT_PRODUCTS_DIR; };
		739C40B32B3D9556000C53EA /* MousiqueApp.swift */ = {isa = PBXFileReference; lastKnownFileType = sourcecode.swift; path = MousiqueApp.swift; sourceTree = "<group>"; };
		739C40B52B3D9556000C53EA /* ContentView.swift */ = {isa = PBXFileReference; lastKnownFileType = sourcecode.swift; path = ContentView.swift; sourceTree = "<group>"; };
		739C40B72B3D9558000C53EA /* Assets.xcassets */ = {isa = PBXFileReference; lastKnownFileType = folder.assetcatalog; path = Assets.xcassets; sourceTree = "<group>"; };
		739C40BA2B3D9558000C53EA /* Preview Assets.xcassets */ = {isa = PBXFileReference; lastKnownFileType = folder.assetcatalog; path = "Preview Assets.xcassets"; sourceTree = "<group>"; };
		739C40C12B3D97A6000C53EA /* LibraryView.swift */ = {isa = PBXFileReference; lastKnownFileType = sourcecode.swift; path = LibraryView.swift; sourceTree = "<group>"; };
		739C40C32B3DA931000C53EA /* LibraryEditView.swift */ = {isa = PBXFileReference; lastKnownFileType = sourcecode.swift; path = LibraryEditView.swift; sourceTree = "<group>"; };
		739C40CB2B4992B8000C53EA /* Info.plist */ = {isa = PBXFileReference; lastKnownFileType = text.plist; path = Info.plist; sourceTree = "<group>"; };
		739C40CC2B4E4E1A000C53EA /* EmptyView.swift */ = {isa = PBXFileReference; lastKnownFileType = sourcecode.swift; path = EmptyView.swift; sourceTree = "<group>"; };
		739C40FA2B6984EE000C53EA /* PlayerView.swift */ = {isa = PBXFileReference; lastKnownFileType = sourcecode.swift; path = PlayerView.swift; sourceTree = "<group>"; };
		73C12A562B7956FC00C3096F /* RadioView.swift */ = {isa = PBXFileReference; lastKnownFileType = sourcecode.swift; path = RadioView.swift; sourceTree = "<group>"; };
/* End PBXFileReference section */

/* Begin PBXFrameworksBuildPhase section */
		739C40AD2B3D9556000C53EA /* Frameworks */ = {
			isa = PBXFrameworksBuildPhase;
			buildActionMask = 2147483647;
			files = (
			);
			runOnlyForDeploymentPostprocessing = 0;
		};
/* End PBXFrameworksBuildPhase section */

/* Begin PBXGroup section */
		739C40A72B3D9556000C53EA = {
			isa = PBXGroup;
			children = (
				739C40B22B3D9556000C53EA /* Mousique */,
				739C40B12B3D9556000C53EA /* Products */,
			);
			sourceTree = "<group>";
		};
		739C40B12B3D9556000C53EA /* Products */ = {
			isa = PBXGroup;
			children = (
				739C40B02B3D9556000C53EA /* Mousique.app */,
			);
			name = Products;
			sourceTree = "<group>";
		};
		739C40B22B3D9556000C53EA /* Mousique */ = {
			isa = PBXGroup;
			children = (
				739C40CB2B4992B8000C53EA /* Info.plist */,
				739C40B32B3D9556000C53EA /* MousiqueApp.swift */,
				739C40B52B3D9556000C53EA /* ContentView.swift */,
				739C40C12B3D97A6000C53EA /* LibraryView.swift */,
				739C40CC2B4E4E1A000C53EA /* EmptyView.swift */,
				739C40C32B3DA931000C53EA /* LibraryEditView.swift */,
				739C40B72B3D9558000C53EA /* Assets.xcassets */,
				739C40B92B3D9558000C53EA /* Preview Content */,
				739C40FA2B6984EE000C53EA /* PlayerView.swift */,
				73C12A562B7956FC00C3096F /* RadioView.swift */,
				73541BC92B9494250048A840 /* RadioCollectionView.swift */,
				73541BCB2B9494360048A840 /* RadioStationView.swift */,
			);
			path = Mousique;
			sourceTree = "<group>";
		};
		739C40B92B3D9558000C53EA /* Preview Content */ = {
			isa = PBXGroup;
			children = (
				739C40BA2B3D9558000C53EA /* Preview Assets.xcassets */,
			);
			path = "Preview Content";
			sourceTree = "<group>";
		};
/* End PBXGroup section */

/* Begin PBXNativeTarget section */
		739C40AF2B3D9556000C53EA /* Mousique */ = {
			isa = PBXNativeTarget;
			buildConfigurationList = 739C40BE2B3D9558000C53EA /* Build configuration list for PBXNativeTarget "Mousique" */;
			buildPhases = (
				739C40AC2B3D9556000C53EA /* Sources */,
				739C40AD2B3D9556000C53EA /* Frameworks */,
				739C40AE2B3D9556000C53EA /* Resources */,
			);
			buildRules = (
			);
			dependencies = (
			);
			name = Mousique;
			productName = Mousique;
			productReference = 739C40B02B3D9556000C53EA /* Mousique.app */;
			productType = "com.apple.product-type.application";
		};
/* End PBXNativeTarget section */

/* Begin PBXProject section */
		739C40A82B3D9556000C53EA /* Project object */ = {
			isa = PBXProject;
			attributes = {
				BuildIndependentTargetsInParallel = 1;
				LastSwiftUpdateCheck = 1420;
				LastUpgradeCheck = 1420;
				TargetAttributes = {
					739C40AF2B3D9556000C53EA = {
						CreatedOnToolsVersion = 14.2;
					};
				};
			};
			buildConfigurationList = 739C40AB2B3D9556000C53EA /* Build configuration list for PBXProject "Mousique" */;
			compatibilityVersion = "Xcode 14.0";
			developmentRegion = en;
			hasScannedForEncodings = 0;
			knownRegions = (
				en,
				Base,
			);
			mainGroup = 739C40A72B3D9556000C53EA;
			productRefGroup = 739C40B12B3D9556000C53EA /* Products */;
			projectDirPath = "";
			projectRoot = "";
			targets = (
				739C40AF2B3D9556000C53EA /* Mousique */,
			);
		};
/* End PBXProject section */

/* Begin PBXResourcesBuildPhase section */
		739C40AE2B3D9556000C53EA /* Resources */ = {
			isa = PBXResourcesBuildPhase;
			buildActionMask = 2147483647;
			files = (
				739C40BB2B3D9558000C53EA /* Preview Assets.xcassets in Resources */,
				739C40B82B3D9558000C53EA /* Assets.xcassets in Resources */,
			);
			runOnlyForDeploymentPostprocessing = 0;
		};
/* End PBXResourcesBuildPhase section */

/* Begin PBXSourcesBuildPhase section */
		739C40AC2B3D9556000C53EA /* Sources */ = {
			isa = PBXSourcesBuildPhase;
			buildActionMask = 2147483647;
			files = (
				739C40B62B3D9556000C53EA /* ContentView.swift in Sources */,
				73C12A572B7956FC00C3096F /* RadioView.swift in Sources */,
				73541BCA2B9494250048A840 /* RadioCollectionView.swift in Sources */,
				73541BCC2B9494360048A840 /* RadioStationView.swift in Sources */,
				739C40CD2B4E4E1A000C53EA /* EmptyView.swift in Sources */,
				739C40C22B3D97A7000C53EA /* LibraryView.swift in Sources */,
				739C40C42B3DA931000C53EA /* LibraryEditView.swift in Sources */,
				739C40FB2B6984EE000C53EA /* PlayerView.swift in Sources */,
				739C40B42B3D9556000C53EA /* MousiqueApp.swift in Sources */,
			);
			runOnlyForDeploymentPostprocessing = 0;
		};
/* End PBXSourcesBuildPhase section */

/* Begin XCBuildConfiguration section */
		739C40BC2B3D9558000C53EA /* Debug */ = {
			isa = XCBuildConfiguration;
			buildSettings = {
				ALWAYS_SEARCH_USER_PATHS = NO;
				CLANG_ANALYZER_NONNULL = YES;
				CLANG_ANALYZER_NUMBER_OBJECT_CONVERSION = YES_AGGRESSIVE;
				CLANG_CXX_LANGUAGE_STANDARD = "gnu++20";
				CLANG_ENABLE_MODULES = YES;
				CLANG_ENABLE_OBJC_ARC = YES;
				CLANG_ENABLE_OBJC_WEAK = YES;
				CLANG_WARN_BLOCK_CAPTURE_AUTORELEASING = YES;
				CLANG_WARN_BOOL_CONVERSION = YES;
				CLANG_WARN_COMMA = YES;
				CLANG_WARN_CONSTANT_CONVERSION = YES;
				CLANG_WARN_DEPRECATED_OBJC_IMPLEMENTATIONS = YES;
				CLANG_WARN_DIRECT_OBJC_ISA_USAGE = YES_ERROR;
				CLANG_WARN_DOCUMENTATION_COMMENTS = YES;
				CLANG_WARN_EMPTY_BODY = YES;
				CLANG_WARN_ENUM_CONVERSION = YES;
				CLANG_WARN_INFINITE_RECURSION = YES;
				CLANG_WARN_INT_CONVERSION = YES;
				CLANG_WARN_NON_LITERAL_NULL_CONVERSION = YES;
				CLANG_WARN_OBJC_IMPLICIT_RETAIN_SELF = YES;
				CLANG_WARN_OBJC_LITERAL_CONVERSION = YES;
				CLANG_WARN_OBJC_ROOT_CLASS = YES_ERROR;
				CLANG_WARN_QUOTED_INCLUDE_IN_FRAMEWORK_HEADER = YES;
				CLANG_WARN_RANGE_LOOP_ANALYSIS = YES;
				CLANG_WARN_STRICT_PROTOTYPES = YES;
				CLANG_WARN_SUSPICIOUS_MOVE = YES;
				CLANG_WARN_UNGUARDED_AVAILABILITY = YES_AGGRESSIVE;
				CLANG_WARN_UNREACHABLE_CODE = YES;
				CLANG_WARN__DUPLICATE_METHOD_MATCH = YES;
				COPY_PHASE_STRIP = NO;
				DEBUG_INFORMATION_FORMAT = dwarf;
				ENABLE_STRICT_OBJC_MSGSEND = YES;
				ENABLE_TESTABILITY = YES;
				GCC_C_LANGUAGE_STANDARD = gnu11;
				GCC_DYNAMIC_NO_PIC = NO;
				GCC_NO_COMMON_BLOCKS = YES;
				GCC_OPTIMIZATION_LEVEL = 0;
				GCC_PREPROCESSOR_DEFINITIONS = (
					"DEBUG=1",
					"$(inherited)",
				);
				GCC_WARN_64_TO_32_BIT_CONVERSION = YES;
				GCC_WARN_ABOUT_RETURN_TYPE = YES_ERROR;
				GCC_WARN_UNDECLARED_SELECTOR = YES;
				GCC_WARN_UNINITIALIZED_AUTOS = YES_AGGRESSIVE;
				GCC_WARN_UNUSED_FUNCTION = YES;
				GCC_WARN_UNUSED_VARIABLE = YES;
				IPHONEOS_DEPLOYMENT_TARGET = 16.2;
				MTL_ENABLE_DEBUG_INFO = INCLUDE_SOURCE;
				MTL_FAST_MATH = YES;
				ONLY_ACTIVE_ARCH = YES;
				SDKROOT = iphoneos;
				SWIFT_ACTIVE_COMPILATION_CONDITIONS = DEBUG;
				SWIFT_OPTIMIZATION_LEVEL = "-Onone";
			};
			name = Debug;
		};
		739C40BD2B3D9558000C53EA /* Release */ = {
			isa = XCBuildConfiguration;
			buildSettings = {
				ALWAYS_SEARCH_USER_PATHS = NO;
				CLANG_ANALYZER_NONNULL = YES;
				CLANG_ANALYZER_NUMBER_OBJECT_CONVERSION = YES_AGGRESSIVE;
				CLANG_CXX_LANGUAGE_STANDARD = "gnu++20";
				CLANG_ENABLE_MODULES = YES;
				CLANG_ENABLE_OBJC_ARC = YES;
				CLANG_ENABLE_OBJC_WEAK = YES;
				CLANG_WARN_BLOCK_CAPTURE_AUTORELEASING = YES;
				CLANG_WARN_BOOL_CONVERSION = YES;
				CLANG_WARN_COMMA = YES;
				CLANG_WARN_CONSTANT_CONVERSION = YES;
				CLANG_WARN_DEPRECATED_OBJC_IMPLEMENTATIONS = YES;
				CLANG_WARN_DIRECT_OBJC_ISA_USAGE = YES_ERROR;
				CLANG_WARN_DOCUMENTATION_COMMENTS = YES;
				CLANG_WARN_EMPTY_BODY = YES;
				CLANG_WARN_ENUM_CONVERSION = YES;
				CLANG_WARN_INFINITE_RECURSION = YES;
				CLANG_WARN_INT_CONVERSION = YES;
				CLANG_WARN_NON_LITERAL_NULL_CONVERSION = YES;
				CLANG_WARN_OBJC_IMPLICIT_RETAIN_SELF = YES;
				CLANG_WARN_OBJC_LITERAL_CONVERSION = YES;
				CLANG_WARN_OBJC_ROOT_CLASS = YES_ERROR;
				CLANG_WARN_QUOTED_INCLUDE_IN_FRAMEWORK_HEADER = YES;
				CLANG_WARN_RANGE_LOOP_ANALYSIS = YES;
				CLANG_WARN_STRICT_PROTOTYPES = YES;
				CLANG_WARN_SUSPICIOUS_MOVE = YES;
				CLANG_WARN_UNGUARDED_AVAILABILITY = YES_AGGRESSIVE;
				CLANG_WARN_UNREACHABLE_CODE = YES;
				CLANG_WARN__DUPLICATE_METHOD_MATCH = YES;
				COPY_PHASE_STRIP = NO;
				DEBUG_INFORMATION_FORMAT = "dwarf-with-dsym";
				ENABLE_NS_ASSERTIONS = NO;
				ENABLE_STRICT_OBJC_MSGSEND = YES;
				GCC_C_LANGUAGE_STANDARD = gnu11;
				GCC_NO_COMMON_BLOCKS = YES;
				GCC_WARN_64_TO_32_BIT_CONVERSION = YES;
				GCC_WARN_ABOUT_RETURN_TYPE = YES_ERROR;
				GCC_WARN_UNDECLARED_SELECTOR = YES;
				GCC_WARN_UNINITIALIZED_AUTOS = YES_AGGRESSIVE;
				GCC_WARN_UNUSED_FUNCTION = YES;
				GCC_WARN_UNUSED_VARIABLE = YES;
				IPHONEOS_DEPLOYMENT_TARGET = 16.2;
				MTL_ENABLE_DEBUG_INFO = NO;
				MTL_FAST_MATH = YES;
				SDKROOT = iphoneos;
				SWIFT_COMPILATION_MODE = wholemodule;
				SWIFT_OPTIMIZATION_LEVEL = "-O";
				VALIDATE_PRODUCT = YES;
			};
			name = Release;
		};
		739C40BF2B3D9558000C53EA /* Debug */ = {
			isa = XCBuildConfiguration;
			buildSettings = {
				ASSETCATALOG_COMPILER_APPICON_NAME = AppIcon;
				ASSETCATALOG_COMPILER_GLOBAL_ACCENT_COLOR_NAME = AccentColor;
				CODE_SIGN_STYLE = Automatic;
				CURRENT_PROJECT_VERSION = 1;
				DEVELOPMENT_ASSET_PATHS = "\"Mousique/Preview Content\"";
				DEVELOPMENT_TEAM = W7VA4BWKKA;
				ENABLE_PREVIEWS = YES;
				GENERATE_INFOPLIST_FILE = YES;
				INFOPLIST_FILE = Mousique/Info.plist;
				INFOPLIST_KEY_UIApplicationSupportsIndirectInputEvents = YES;
				INFOPLIST_KEY_UILaunchScreen_Generation = YES;
				INFOPLIST_KEY_UISupportedInterfaceOrientations_iPad = "UIInterfaceOrientationPortrait UIInterfaceOrientationPortraitUpsideDown UIInterfaceOrientationLandscapeLeft UIInterfaceOrientationLandscapeRight";
				INFOPLIST_KEY_UISupportedInterfaceOrientations_iPhone = "UIInterfaceOrientationPortrait UIInterfaceOrientationLandscapeLeft UIInterfaceOrientationLandscapeRight";
				LD_RUNPATH_SEARCH_PATHS = (
					"$(inherited)",
					"@executable_path/Frameworks",
				);
				MARKETING_VERSION = 1.0;
				PRODUCT_BUNDLE_IDENTIFIER = KIA.Mousique;
				PRODUCT_NAME = "$(TARGET_NAME)";
				SWIFT_EMIT_LOC_STRINGS = YES;
				SWIFT_VERSION = 5.0;
				TARGETED_DEVICE_FAMILY = "1,2";
			};
			name = Debug;
		};
		739C40C02B3D9558000C53EA /* Release */ = {
			isa = XCBuildConfiguration;
			buildSettings = {
				ASSETCATALOG_COMPILER_APPICON_NAME = AppIcon;
				ASSETCATALOG_COMPILER_GLOBAL_ACCENT_COLOR_NAME = AccentColor;
				CODE_SIGN_STYLE = Automatic;
				CURRENT_PROJECT_VERSION = 1;
				DEVELOPMENT_ASSET_PATHS = "\"Mousique/Preview Content\"";
				DEVELOPMENT_TEAM = W7VA4BWKKA;
				ENABLE_PREVIEWS = YES;
				GENERATE_INFOPLIST_FILE = YES;
				INFOPLIST_FILE = Mousique/Info.plist;
				INFOPLIST_KEY_UIApplicationSupportsIndirectInputEvents = YES;
				INFOPLIST_KEY_UILaunchScreen_Generation = YES;
				INFOPLIST_KEY_UISupportedInterfaceOrientations_iPad = "UIInterfaceOrientationPortrait UIInterfaceOrientationPortraitUpsideDown UIInterfaceOrientationLandscapeLeft UIInterfaceOrientationLandscapeRight";
				INFOPLIST_KEY_UISupportedInterfaceOrientations_iPhone = "UIInterfaceOrientationPortrait UIInterfaceOrientationLandscapeLeft UIInterfaceOrientationLandscapeRight";
				LD_RUNPATH_SEARCH_PATHS = (
					"$(inherited)",
					"@executable_path/Frameworks",
				);
				MARKETING_VERSION = 1.0;
				PRODUCT_BUNDLE_IDENTIFIER = KIA.Mousique;
				PRODUCT_NAME = "$(TARGET_NAME)";
				SWIFT_EMIT_LOC_STRINGS = YES;
				SWIFT_VERSION = 5.0;
				TARGETED_DEVICE_FAMILY = "1,2";
			};
			name = Release;
		};
/* End XCBuildConfiguration section */

/* Begin XCConfigurationList section */
		739C40AB2B3D9556000C53EA /* Build configuration list for PBXProject "Mousique" */ = {
			isa = XCConfigurationList;
			buildConfigurations = (
				739C40BC2B3D9558000C53EA /* Debug */,
				739C40BD2B3D9558000C53EA /* Release */,
			);
			defaultConfigurationIsVisible = 0;
			defaultConfigurationName = Release;
		};
		739C40BE2B3D9558000C53EA /* Build configuration list for PBXNativeTarget "Mousique" */ = {
			isa = XCConfigurationList;
			buildConfigurations = (
				739C40BF2B3D9558000C53EA /* Debug */,
				739C40C02B3D9558000C53EA /* Release */,
			);
			defaultConfigurationIsVisible = 0;
			defaultConfigurationName = Release;
		};
/* End XCConfigurationList section */
	};
	rootObject = 739C40A82B3D9556000C53EA /* Project object */;
}
